
Microsoft Visual Studio Solution File, Format Version 12.00
# Visual Studio Version 17
VisualStudioVersion = 17.1.32421.90
MinimumVisualStudioVersion = 10.0.40219.1
Project("{FAE04EC0-301F-11D3-BF4B-00C04F79EFBC}") = "exerciciosRepeticao3", "exerciciosRepeticao3\exerciciosRepeticao3.csproj", "{534B4C6D-FD21-4050-AF4E-0595067CA291}"
EndProject
Global
	GlobalSection(SolutionConfigurationPlatforms) = preSolution
		Debug|Any CPU = Debug|Any CPU
		Release|Any CPU = Release|Any CPU
	EndGlobalSection
	GlobalSection(ProjectConfigurationPlatforms) = postSolution
		{534B4C6D-FD21-4050-AF4E-0595067CA291}.Debug|Any CPU.ActiveCfg = Debug|Any CPU
		{534B4C6D-FD21-4050-AF4E-0595067CA291}.Debug|Any CPU.Build.0 = Debug|Any CPU
		{534B4C6D-FD21-4050-AF4E-0595067CA291}.Release|Any CPU.ActiveCfg = Release|Any CPU
		{534B4C6D-FD21-4050-AF4E-0595067CA291}.Release|Any CPU.Build.0 = Release|Any CPU
	EndGlobalSection
	GlobalSection(SolutionProperties) = preSolution
		HideSolutionNode = FALSE
	EndGlobalSection
	GlobalSection(ExtensibilityGlobals) = postSolution
		SolutionGuid = {026D8B1F-4608-4C7A-B06B-5CE0139F8309}
	EndGlobalSection
EndGlobal
