
Microsoft Visual Studio Solution File, Format Version 12.00
# Visual Studio Version 17
VisualStudioVersion = 17.1.32421.90
MinimumVisualStudioVersion = 10.0.40219.1
Project("{FAE04EC0-301F-11D3-BF4B-00C04F79EFBC}") = "exercicioClassesDe1_6_1", "exercicioClassesDe1_6_1\exercicioClassesDe1_6_1.csproj", "{F47B6562-9215-437C-A69A-5A1920048F5D}"
EndProject
Global
	GlobalSection(SolutionConfigurationPlatforms) = preSolution
		Debug|Any CPU = Debug|Any CPU
		Release|Any CPU = Release|Any CPU
	EndGlobalSection
	GlobalSection(ProjectConfigurationPlatforms) = postSolution
		{F47B6562-9215-437C-A69A-5A1920048F5D}.Debug|Any CPU.ActiveCfg = Debug|Any CPU
		{F47B6562-9215-437C-A69A-5A1920048F5D}.Debug|Any CPU.Build.0 = Debug|Any CPU
		{F47B6562-9215-437C-A69A-5A1920048F5D}.Release|Any CPU.ActiveCfg = Release|Any CPU
		{F47B6562-9215-437C-A69A-5A1920048F5D}.Release|Any CPU.Build.0 = Release|Any CPU
	EndGlobalSection
	GlobalSection(SolutionProperties) = preSolution
		HideSolutionNode = FALSE
	EndGlobalSection
	GlobalSection(ExtensibilityGlobals) = postSolution
		SolutionGuid = {B2CEFB3A-2D95-4282-A4E6-FDDB47343297}
	EndGlobalSection
EndGlobal
