
Microsoft Visual Studio Solution File, Format Version 12.00
# Visual Studio Version 17
VisualStudioVersion = 17.2.32602.215
MinimumVisualStudioVersion = 10.0.40219.1
Project("{FAE04EC0-301F-11D3-BF4B-00C04F79EFBC}") = "testeConnectionDB", "testeConnectionDB.csproj", "{6EB19F55-DB12-429A-89FB-AD15C3B3BD21}"
EndProject
Global
	GlobalSection(SolutionConfigurationPlatforms) = preSolution
		Debug|Any CPU = Debug|Any CPU
		Release|Any CPU = Release|Any CPU
	EndGlobalSection
	GlobalSection(ProjectConfigurationPlatforms) = postSolution
		{6EB19F55-DB12-429A-89FB-AD15C3B3BD21}.Debug|Any CPU.ActiveCfg = Debug|Any CPU
		{6EB19F55-DB12-429A-89FB-AD15C3B3BD21}.Debug|Any CPU.Build.0 = Debug|Any CPU
		{6EB19F55-DB12-429A-89FB-AD15C3B3BD21}.Release|Any CPU.ActiveCfg = Release|Any CPU
		{6EB19F55-DB12-429A-89FB-AD15C3B3BD21}.Release|Any CPU.Build.0 = Release|Any CPU
	EndGlobalSection
	GlobalSection(SolutionProperties) = preSolution
		HideSolutionNode = FALSE
	EndGlobalSection
	GlobalSection(ExtensibilityGlobals) = postSolution
		SolutionGuid = {AAEE6956-F9C3-4FDB-9441-25F1593DE0EC}
	EndGlobalSection
EndGlobal
