
Microsoft Visual Studio Solution File, Format Version 12.00
# Visual Studio Version 17
VisualStudioVersion = 17.1.32421.90
MinimumVisualStudioVersion = 10.0.40219.1
Project("{FAE04EC0-301F-11D3-BF4B-00C04F79EFBC}") = "condExemplo10", "condExemplo10\condExemplo10.csproj", "{6DF66B85-0E18-4177-9C25-92D888605B82}"
EndProject
Global
	GlobalSection(SolutionConfigurationPlatforms) = preSolution
		Debug|Any CPU = Debug|Any CPU
		Release|Any CPU = Release|Any CPU
	EndGlobalSection
	GlobalSection(ProjectConfigurationPlatforms) = postSolution
		{6DF66B85-0E18-4177-9C25-92D888605B82}.Debug|Any CPU.ActiveCfg = Debug|Any CPU
		{6DF66B85-0E18-4177-9C25-92D888605B82}.Debug|Any CPU.Build.0 = Debug|Any CPU
		{6DF66B85-0E18-4177-9C25-92D888605B82}.Release|Any CPU.ActiveCfg = Release|Any CPU
		{6DF66B85-0E18-4177-9C25-92D888605B82}.Release|Any CPU.Build.0 = Release|Any CPU
	EndGlobalSection
	GlobalSection(SolutionProperties) = preSolution
		HideSolutionNode = FALSE
	EndGlobalSection
	GlobalSection(ExtensibilityGlobals) = postSolution
		SolutionGuid = {B0004E0D-3B8F-48B2-A4F7-18BAAA5213D4}
	EndGlobalSection
EndGlobal
