
Microsoft Visual Studio Solution File, Format Version 12.00
# Visual Studio Version 17
VisualStudioVersion = 17.1.32421.90
MinimumVisualStudioVersion = 10.0.40219.1
Project("{9A19103F-16F7-4668-BE54-9A1E7A4F7556}") = "ExercicioTesteClasse1", "ExercicioTesteClasse\ExercicioTesteClasse1.csproj", "{154C321E-6022-439B-8325-78592DFEF5BA}"
EndProject
Global
	GlobalSection(SolutionConfigurationPlatforms) = preSolution
		Debug|Any CPU = Debug|Any CPU
		Release|Any CPU = Release|Any CPU
	EndGlobalSection
	GlobalSection(ProjectConfigurationPlatforms) = postSolution
		{154C321E-6022-439B-8325-78592DFEF5BA}.Debug|Any CPU.ActiveCfg = Debug|Any CPU
		{154C321E-6022-439B-8325-78592DFEF5BA}.Debug|Any CPU.Build.0 = Debug|Any CPU
		{154C321E-6022-439B-8325-78592DFEF5BA}.Release|Any CPU.ActiveCfg = Release|Any CPU
		{154C321E-6022-439B-8325-78592DFEF5BA}.Release|Any CPU.Build.0 = Release|Any CPU
	EndGlobalSection
	GlobalSection(SolutionProperties) = preSolution
		HideSolutionNode = FALSE
	EndGlobalSection
	GlobalSection(ExtensibilityGlobals) = postSolution
		SolutionGuid = {0E966DEF-6646-46FA-8E0A-94647BE538CA}
	EndGlobalSection
EndGlobal
