
Microsoft Visual Studio Solution File, Format Version 12.00
# Visual Studio Version 17
VisualStudioVersion = 17.1.32421.90
MinimumVisualStudioVersion = 10.0.40219.1
Project("{FAE04EC0-301F-11D3-BF4B-00C04F79EFBC}") = "exercicioString", "exercicioString\exercicioString.csproj", "{517357B3-E6AA-4DDA-B16E-C01A8B06C950}"
EndProject
Global
	GlobalSection(SolutionConfigurationPlatforms) = preSolution
		Debug|Any CPU = Debug|Any CPU
		Release|Any CPU = Release|Any CPU
	EndGlobalSection
	GlobalSection(ProjectConfigurationPlatforms) = postSolution
		{517357B3-E6AA-4DDA-B16E-C01A8B06C950}.Debug|Any CPU.ActiveCfg = Debug|Any CPU
		{517357B3-E6AA-4DDA-B16E-C01A8B06C950}.Debug|Any CPU.Build.0 = Debug|Any CPU
		{517357B3-E6AA-4DDA-B16E-C01A8B06C950}.Release|Any CPU.ActiveCfg = Release|Any CPU
		{517357B3-E6AA-4DDA-B16E-C01A8B06C950}.Release|Any CPU.Build.0 = Release|Any CPU
	EndGlobalSection
	GlobalSection(SolutionProperties) = preSolution
		HideSolutionNode = FALSE
	EndGlobalSection
	GlobalSection(ExtensibilityGlobals) = postSolution
		SolutionGuid = {FC8B41BB-DF8F-4917-9033-596861ECED17}
	EndGlobalSection
EndGlobal
