
Microsoft Visual Studio Solution File, Format Version 12.00
# Visual Studio Version 17
VisualStudioVersion = 17.1.32421.90
MinimumVisualStudioVersion = 10.0.40219.1
Project("{FAE04EC0-301F-11D3-BF4B-00C04F79EFBC}") = "condExemplo8", "condExemplo8\condExemplo8.csproj", "{7E49CFCC-67B3-4FB1-B7AE-4CF7747C32D2}"
EndProject
Global
	GlobalSection(SolutionConfigurationPlatforms) = preSolution
		Debug|Any CPU = Debug|Any CPU
		Release|Any CPU = Release|Any CPU
	EndGlobalSection
	GlobalSection(ProjectConfigurationPlatforms) = postSolution
		{7E49CFCC-67B3-4FB1-B7AE-4CF7747C32D2}.Debug|Any CPU.ActiveCfg = Debug|Any CPU
		{7E49CFCC-67B3-4FB1-B7AE-4CF7747C32D2}.Debug|Any CPU.Build.0 = Debug|Any CPU
		{7E49CFCC-67B3-4FB1-B7AE-4CF7747C32D2}.Release|Any CPU.ActiveCfg = Release|Any CPU
		{7E49CFCC-67B3-4FB1-B7AE-4CF7747C32D2}.Release|Any CPU.Build.0 = Release|Any CPU
	EndGlobalSection
	GlobalSection(SolutionProperties) = preSolution
		HideSolutionNode = FALSE
	EndGlobalSection
	GlobalSection(ExtensibilityGlobals) = postSolution
		SolutionGuid = {CC32C3D5-EDCD-41FD-8380-56950E5E01EA}
	EndGlobalSection
EndGlobal
